
Microsoft Visual Studio Solution File, Format Version 12.00
# Visual Studio 15
VisualStudioVersion = 15.0.27004.2009
MinimumVisualStudioVersion = 10.0.40219.1
Project("{FAE04EC0-301F-11D3-BF4B-00C04F79EFBC}") = "RongVangShop", "RongVangShop\RongVangShop.csproj", "{BB93814A-2F0C-4E4C-9B68-22E0E39DF3B2}"
EndProject
Global
	GlobalSection(SolutionConfigurationPlatforms) = preSolution
		Debug|Any CPU = Debug|Any CPU
		Release|Any CPU = Release|Any CPU
	EndGlobalSection
	GlobalSection(ProjectConfigurationPlatforms) = postSolution
		{BB93814A-2F0C-4E4C-9B68-22E0E39DF3B2}.Debug|Any CPU.ActiveCfg = Debug|Any CPU
		{BB93814A-2F0C-4E4C-9B68-22E0E39DF3B2}.Debug|Any CPU.Build.0 = Debug|Any CPU
		{BB93814A-2F0C-4E4C-9B68-22E0E39DF3B2}.Release|Any CPU.ActiveCfg = Release|Any CPU
		{BB93814A-2F0C-4E4C-9B68-22E0E39DF3B2}.Release|Any CPU.Build.0 = Release|Any CPU
	EndGlobalSection
	GlobalSection(SolutionProperties) = preSolution
		HideSolutionNode = FALSE
	EndGlobalSection
	GlobalSection(ExtensibilityGlobals) = postSolution
		SolutionGuid = {FAA5DDD9-4144-4E92-AC95-187E147A1388}
	EndGlobalSection
EndGlobal
